
Microsoft Visual Studio Solution File, Format Version 12.00
# Visual Studio Version 17
VisualStudioVersion = 17.3.32929.385
MinimumVisualStudioVersion = 10.0.40219.1
Project("{8BC9CEB8-8B4A-11D0-8D11-00A0C91BC942}") = "排序", "排序\排序.vcxproj", "{E1FDAB3B-9C9D-472F-8DBA-1489C418DED9}"
EndProject
Global
	GlobalSection(SolutionConfigurationPlatforms) = preSolution
		Debug|x64 = Debug|x64
		Debug|x86 = Debug|x86
		Release|x64 = Release|x64
		Release|x86 = Release|x86
	EndGlobalSection
	GlobalSection(ProjectConfigurationPlatforms) = postSolution
		{E1FDAB3B-9C9D-472F-8DBA-1489C418DED9}.Debug|x64.ActiveCfg = Debug|x64
		{E1FDAB3B-9C9D-472F-8DBA-1489C418DED9}.Debug|x64.Build.0 = Debug|x64
		{E1FDAB3B-9C9D-472F-8DBA-1489C418DED9}.Debug|x86.ActiveCfg = Debug|Win32
		{E1FDAB3B-9C9D-472F-8DBA-1489C418DED9}.Debug|x86.Build.0 = Debug|Win32
		{E1FDAB3B-9C9D-472F-8DBA-1489C418DED9}.Release|x64.ActiveCfg = Release|x64
		{E1FDAB3B-9C9D-472F-8DBA-1489C418DED9}.Release|x64.Build.0 = Release|x64
		{E1FDAB3B-9C9D-472F-8DBA-1489C418DED9}.Release|x86.ActiveCfg = Release|Win32
		{E1FDAB3B-9C9D-472F-8DBA-1489C418DED9}.Release|x86.Build.0 = Release|Win32
	EndGlobalSection
	GlobalSection(SolutionProperties) = preSolution
		HideSolutionNode = FALSE
	EndGlobalSection
	GlobalSection(ExtensibilityGlobals) = postSolution
		SolutionGuid = {5910FF35-5E10-410F-8B14-0896473A3655}
	EndGlobalSection
EndGlobal
