
Microsoft Visual Studio Solution File, Format Version 12.00
# Visual Studio Version 17
VisualStudioVersion = 17.3.32922.545
MinimumVisualStudioVersion = 10.0.40219.1
Project("{8BC9CEB8-8B4A-11D0-8D11-00A0C91BC942}") = "树", "树\树.vcxproj", "{EDB13EF2-22AF-4FEA-B215-FF0B96255349}"
EndProject
Global
	GlobalSection(SolutionConfigurationPlatforms) = preSolution
		Debug|x64 = Debug|x64
		Debug|x86 = Debug|x86
		Release|x64 = Release|x64
		Release|x86 = Release|x86
	EndGlobalSection
	GlobalSection(ProjectConfigurationPlatforms) = postSolution
		{EDB13EF2-22AF-4FEA-B215-FF0B96255349}.Debug|x64.ActiveCfg = Debug|x64
		{EDB13EF2-22AF-4FEA-B215-FF0B96255349}.Debug|x64.Build.0 = Debug|x64
		{EDB13EF2-22AF-4FEA-B215-FF0B96255349}.Debug|x86.ActiveCfg = Debug|Win32
		{EDB13EF2-22AF-4FEA-B215-FF0B96255349}.Debug|x86.Build.0 = Debug|Win32
		{EDB13EF2-22AF-4FEA-B215-FF0B96255349}.Release|x64.ActiveCfg = Release|x64
		{EDB13EF2-22AF-4FEA-B215-FF0B96255349}.Release|x64.Build.0 = Release|x64
		{EDB13EF2-22AF-4FEA-B215-FF0B96255349}.Release|x86.ActiveCfg = Release|Win32
		{EDB13EF2-22AF-4FEA-B215-FF0B96255349}.Release|x86.Build.0 = Release|Win32
	EndGlobalSection
	GlobalSection(SolutionProperties) = preSolution
		HideSolutionNode = FALSE
	EndGlobalSection
	GlobalSection(ExtensibilityGlobals) = postSolution
		SolutionGuid = {594CFC0A-C41C-4193-99A6-AA676D978039}
	EndGlobalSection
EndGlobal
